
Microsoft Visual Studio Solution File, Format Version 11.00
# Visual Studio 2010
Project("{FAE04EC0-301F-11D3-BF4B-00C04F79EFBC}") = "Sample", "Sample\Sample.csproj", "{50DCEB91-9C5C-429D-A9F1-9E31E5206FD5}"
EndProject
Project("{FAE04EC0-301F-11D3-BF4B-00C04F79EFBC}") = "Collective2", "Collective2\Collective2.csproj", "{5DB81A8B-6213-45A1-A233-F7B17D110CAB}"
EndProject
Global
	GlobalSection(SolutionConfigurationPlatforms) = preSolution
		Debug|Any CPU = Debug|Any CPU
		Debug|Mixed Platforms = Debug|Mixed Platforms
		Debug|x86 = Debug|x86
		Release|Any CPU = Release|Any CPU
		Release|Mixed Platforms = Release|Mixed Platforms
		Release|x86 = Release|x86
	EndGlobalSection
	GlobalSection(ProjectConfigurationPlatforms) = postSolution
		{50DCEB91-9C5C-429D-A9F1-9E31E5206FD5}.Debug|Any CPU.ActiveCfg = Debug|x86
		{50DCEB91-9C5C-429D-A9F1-9E31E5206FD5}.Debug|Mixed Platforms.ActiveCfg = Debug|x86
		{50DCEB91-9C5C-429D-A9F1-9E31E5206FD5}.Debug|Mixed Platforms.Build.0 = Debug|x86
		{50DCEB91-9C5C-429D-A9F1-9E31E5206FD5}.Debug|x86.ActiveCfg = Debug|x86
		{50DCEB91-9C5C-429D-A9F1-9E31E5206FD5}.Debug|x86.Build.0 = Debug|x86
		{50DCEB91-9C5C-429D-A9F1-9E31E5206FD5}.Release|Any CPU.ActiveCfg = Release|x86
		{50DCEB91-9C5C-429D-A9F1-9E31E5206FD5}.Release|Mixed Platforms.ActiveCfg = Release|x86
		{50DCEB91-9C5C-429D-A9F1-9E31E5206FD5}.Release|Mixed Platforms.Build.0 = Release|x86
		{50DCEB91-9C5C-429D-A9F1-9E31E5206FD5}.Release|x86.ActiveCfg = Release|x86
		{50DCEB91-9C5C-429D-A9F1-9E31E5206FD5}.Release|x86.Build.0 = Release|x86
		{5DB81A8B-6213-45A1-A233-F7B17D110CAB}.Debug|Any CPU.ActiveCfg = Debug|Any CPU
		{5DB81A8B-6213-45A1-A233-F7B17D110CAB}.Debug|Any CPU.Build.0 = Debug|Any CPU
		{5DB81A8B-6213-45A1-A233-F7B17D110CAB}.Debug|Mixed Platforms.ActiveCfg = Debug|Any CPU
		{5DB81A8B-6213-45A1-A233-F7B17D110CAB}.Debug|Mixed Platforms.Build.0 = Debug|Any CPU
		{5DB81A8B-6213-45A1-A233-F7B17D110CAB}.Debug|x86.ActiveCfg = Debug|Any CPU
		{5DB81A8B-6213-45A1-A233-F7B17D110CAB}.Release|Any CPU.ActiveCfg = Release|Any CPU
		{5DB81A8B-6213-45A1-A233-F7B17D110CAB}.Release|Any CPU.Build.0 = Release|Any CPU
		{5DB81A8B-6213-45A1-A233-F7B17D110CAB}.Release|Mixed Platforms.ActiveCfg = Release|Any CPU
		{5DB81A8B-6213-45A1-A233-F7B17D110CAB}.Release|Mixed Platforms.Build.0 = Release|Any CPU
		{5DB81A8B-6213-45A1-A233-F7B17D110CAB}.Release|x86.ActiveCfg = Release|Any CPU
	EndGlobalSection
	GlobalSection(SolutionProperties) = preSolution
		HideSolutionNode = FALSE
	EndGlobalSection
EndGlobal
